
Microsoft Visual Studio Solution File, Format Version 12.00
# Visual Studio Version 17
VisualStudioVersion = 17.1.32210.238
MinimumVisualStudioVersion = 10.0.40219.1
Project("{FAE04EC0-301F-11D3-BF4B-00C04F79EFBC}") = "licenta", "licenta\licenta.csproj", "{2B29001C-A737-4841-A013-4ABC9B3874CE}"
EndProject
Global
	GlobalSection(SolutionConfigurationPlatforms) = preSolution
		Debug|Any CPU = Debug|Any CPU
		Release|Any CPU = Release|Any CPU
	EndGlobalSection
	GlobalSection(ProjectConfigurationPlatforms) = postSolution
		{2B29001C-A737-4841-A013-4ABC9B3874CE}.Debug|Any CPU.ActiveCfg = Debug|Any CPU
		{2B29001C-A737-4841-A013-4ABC9B3874CE}.Debug|Any CPU.Build.0 = Debug|Any CPU
		{2B29001C-A737-4841-A013-4ABC9B3874CE}.Release|Any CPU.ActiveCfg = Release|Any CPU
		{2B29001C-A737-4841-A013-4ABC9B3874CE}.Release|Any CPU.Build.0 = Release|Any CPU
	EndGlobalSection
	GlobalSection(SolutionProperties) = preSolution
		HideSolutionNode = FALSE
	EndGlobalSection
	GlobalSection(ExtensibilityGlobals) = postSolution
		SolutionGuid = {CD5998E0-B566-4B38-8E96-53BD536AF323}
	EndGlobalSection
EndGlobal
